
Microsoft Visual Studio Solution File, Format Version 12.00
# Visual Studio 15
Project("{FAE04EC0-301F-11D3-BF4B-00C04F79EFBC}") = "Assembly-CSharp", "Assembly-CSharp.csproj", "{CC5C7BBF-DCAB-E145-D017-50D960C839E0}"
EndProject
Project("{FAE04EC0-301F-11D3-BF4B-00C04F79EFBC}") = "Assembly-CSharp-firstpass", "Assembly-CSharp-firstpass.csproj", "{7D5ACFAF-86F1-EEC8-2FE5-E175B0AEB57F}"
EndProject
Project("{FAE04EC0-301F-11D3-BF4B-00C04F79EFBC}") = "Assembly-CSharp-Editor", "Assembly-CSharp-Editor.csproj", "{6C0BF977-FD2F-5FFE-56AD-ACFEB87BE32F}"
EndProject
Project("{FAE04EC0-301F-11D3-BF4B-00C04F79EFBC}") = "Assembly-CSharp-Editor-firstpass", "Assembly-CSharp-Editor-firstpass.csproj", "{34DA9935-9153-CA28-EF4F-0CCF99C46136}"
EndProject
Global
	GlobalSection(SolutionConfigurationPlatforms) = preSolution
		Debug|Any CPU = Debug|Any CPU
		Release|Any CPU = Release|Any CPU
	EndGlobalSection
	GlobalSection(ProjectConfigurationPlatforms) = postSolution
		{CC5C7BBF-DCAB-E145-D017-50D960C839E0}.Debug|Any CPU.ActiveCfg = Debug|Any CPU
		{CC5C7BBF-DCAB-E145-D017-50D960C839E0}.Debug|Any CPU.Build.0 = Debug|Any CPU
		{CC5C7BBF-DCAB-E145-D017-50D960C839E0}.Release|Any CPU.ActiveCfg = Release|Any CPU
		{CC5C7BBF-DCAB-E145-D017-50D960C839E0}.Release|Any CPU.Build.0 = Release|Any CPU
		{7D5ACFAF-86F1-EEC8-2FE5-E175B0AEB57F}.Debug|Any CPU.ActiveCfg = Debug|Any CPU
		{7D5ACFAF-86F1-EEC8-2FE5-E175B0AEB57F}.Debug|Any CPU.Build.0 = Debug|Any CPU
		{7D5ACFAF-86F1-EEC8-2FE5-E175B0AEB57F}.Release|Any CPU.ActiveCfg = Release|Any CPU
		{7D5ACFAF-86F1-EEC8-2FE5-E175B0AEB57F}.Release|Any CPU.Build.0 = Release|Any CPU
		{6C0BF977-FD2F-5FFE-56AD-ACFEB87BE32F}.Debug|Any CPU.ActiveCfg = Debug|Any CPU
		{6C0BF977-FD2F-5FFE-56AD-ACFEB87BE32F}.Debug|Any CPU.Build.0 = Debug|Any CPU
		{6C0BF977-FD2F-5FFE-56AD-ACFEB87BE32F}.Release|Any CPU.ActiveCfg = Release|Any CPU
		{6C0BF977-FD2F-5FFE-56AD-ACFEB87BE32F}.Release|Any CPU.Build.0 = Release|Any CPU
		{34DA9935-9153-CA28-EF4F-0CCF99C46136}.Debug|Any CPU.ActiveCfg = Debug|Any CPU
		{34DA9935-9153-CA28-EF4F-0CCF99C46136}.Debug|Any CPU.Build.0 = Debug|Any CPU
		{34DA9935-9153-CA28-EF4F-0CCF99C46136}.Release|Any CPU.ActiveCfg = Release|Any CPU
		{34DA9935-9153-CA28-EF4F-0CCF99C46136}.Release|Any CPU.Build.0 = Release|Any CPU
	EndGlobalSection
	GlobalSection(SolutionProperties) = preSolution
		HideSolutionNode = FALSE
	EndGlobalSection
EndGlobal
